
Microsoft Visual Studio Solution File, Format Version 12.00
# Visual Studio Version 16
VisualStudioVersion = 16.0.29403.142
MinimumVisualStudioVersion = 10.0.40219.1
Project("{FAE04EC0-301F-11D3-BF4B-00C04F79EFBC}") = "ASANA_connect_API_test", "ASANA_connect_API_test\ASANA_connect_API_test.csproj", "{08C26AC8-8B1C-407C-87C4-154E61850925}"
EndProject
Global
	GlobalSection(SolutionConfigurationPlatforms) = preSolution
		Debug|Any CPU = Debug|Any CPU
		Release|Any CPU = Release|Any CPU
	EndGlobalSection
	GlobalSection(ProjectConfigurationPlatforms) = postSolution
		{08C26AC8-8B1C-407C-87C4-154E61850925}.Debug|Any CPU.ActiveCfg = Debug|Any CPU
		{08C26AC8-8B1C-407C-87C4-154E61850925}.Debug|Any CPU.Build.0 = Debug|Any CPU
		{08C26AC8-8B1C-407C-87C4-154E61850925}.Release|Any CPU.ActiveCfg = Release|Any CPU
		{08C26AC8-8B1C-407C-87C4-154E61850925}.Release|Any CPU.Build.0 = Release|Any CPU
	EndGlobalSection
	GlobalSection(SolutionProperties) = preSolution
		HideSolutionNode = FALSE
	EndGlobalSection
	GlobalSection(ExtensibilityGlobals) = postSolution
		SolutionGuid = {BE74CEF1-194F-400C-8488-AB6C149AE224}
	EndGlobalSection
EndGlobal
